
Microsoft Visual Studio Solution File, Format Version 12.00
# Visual Studio 2012
Project("{FAE04EC0-301F-11D3-BF4B-00C04F79EFBC}") = "StingerClassLibrary", "StingerClassLibrary\StingerClassLibrary.csproj", "{21EEBC53-6000-4483-BBFE-A604004D8E9E}"
EndProject
Project("{FAE04EC0-301F-11D3-BF4B-00C04F79EFBC}") = "StingerTestConsole", "StingerTestConsole\StingerTestConsole.csproj", "{BC8D6395-28B6-4442-A51F-16E90D7C90F0}"
EndProject
Global
	GlobalSection(SolutionConfigurationPlatforms) = preSolution
		Debug|Any CPU = Debug|Any CPU
		Release|Any CPU = Release|Any CPU
	EndGlobalSection
	GlobalSection(ProjectConfigurationPlatforms) = postSolution
		{21EEBC53-6000-4483-BBFE-A604004D8E9E}.Debug|Any CPU.ActiveCfg = Debug|Any CPU
		{21EEBC53-6000-4483-BBFE-A604004D8E9E}.Debug|Any CPU.Build.0 = Debug|Any CPU
		{21EEBC53-6000-4483-BBFE-A604004D8E9E}.Release|Any CPU.ActiveCfg = Release|Any CPU
		{21EEBC53-6000-4483-BBFE-A604004D8E9E}.Release|Any CPU.Build.0 = Release|Any CPU
		{BC8D6395-28B6-4442-A51F-16E90D7C90F0}.Debug|Any CPU.ActiveCfg = Debug|Any CPU
		{BC8D6395-28B6-4442-A51F-16E90D7C90F0}.Debug|Any CPU.Build.0 = Debug|Any CPU
		{BC8D6395-28B6-4442-A51F-16E90D7C90F0}.Release|Any CPU.ActiveCfg = Release|Any CPU
		{BC8D6395-28B6-4442-A51F-16E90D7C90F0}.Release|Any CPU.Build.0 = Release|Any CPU
	EndGlobalSection
	GlobalSection(SolutionProperties) = preSolution
		HideSolutionNode = FALSE
	EndGlobalSection
EndGlobal
